# Generated by pub
# See https://dart.dev/tools/pub/glossary#lockfile
packages:
  jserializer:
    dependency: "direct main"
    description:
      path: "../jserializer"
      relative: true
    source: path
    version: "1.0.0"
  meta:
    dependency: transitive
    description:
      name: meta
      sha256: "9f29b9bcc8ee287b1a31e0d01be0eae99a930dbffdaecf04b3f3d82a969f296f"
      url: "https://pub.dev"
    source: hosted
    version: "1.18.1"
  type_plus:
    dependency: transitive
    description:
      path: type_plus
      ref: HEAD
      resolved-ref: "12ac231bc91cb3771ab4116d5a39ef37522777e6"
      url: "https://github.com/erabti/jserializer_library.git"
    source: git
    version: "2.1.1"
sdks:
  dart: ">=3.5.0 <4.0.0"
